{
  "name": "client",
  "lockfileVersion": 3,
  "requires": true,
  "packages": {
    "": {
      "dependencies": {
        "bendecks_auto_sales": "file:../.."
      }
    },
    "../..": {
      "name": "bendecks_auto_sales",
      "version": "1.0.0",
      "license": "ISC",
      "dependencies": {
        "@graphql-tools/merge": "^9.0.1",
        "apollo-server-express": "^3.13.0",
        "dotenv": "^16.3.1",
        "express": "^4.18.2",
        "graphql-subscriptions": "^2.0.0",
        "http": "^0.0.1-security",
        "moment": "^2.30.1",
        "mongoose": "^8.0.3",
        "node-cron": "^3.0.3",
        "socket.io": "^4.7.3",
        "subscriptions-transport-ws": "^0.11.0",
        "uuid": "^9.0.1",
        "vite": "^5.0.12"
      }
    },
    "node_modules/bendecks_auto_sales": {
      "resolved": "../..",
      "link": true
    }
  }
}
